// !$*UTF8*$!
{
	archiveVersion = 1;
	classes = {
	};
	objectVersion = 56;
	objects = {

/* Begin PBXBuildFile section */
		5447CCB12A0B4D2100C50EF5 /* MainListViewController.swift in Sources */ = {isa = PBXBuildFile; fileRef = 5447CCB02A0B4D2100C50EF5 /* MainListViewController.swift */; };
		5447CCB62A0C8C1000C50EF5 /* Realm in Frameworks */ = {isa = PBXBuildFile; productRef = 5447CCB52A0C8C1000C50EF5 /* Realm */; };
		5447CCB82A0C8C1000C50EF5 /* RealmSwift in Frameworks */ = {isa = PBXBuildFile; productRef = 5447CCB72A0C8C1000C50EF5 /* RealmSwift */; };
		5447CCBC2A0C8F0300C50EF5 /* Group.swift in Sources */ = {isa = PBXBuildFile; fileRef = 5447CCBB2A0C8F0300C50EF5 /* Group.swift */; };
		5447CCBF2A0C8F3D00C50EF5 /* MainListViewModel.swift in Sources */ = {isa = PBXBuildFile; fileRef = 5447CCBE2A0C8F3D00C50EF5 /* MainListViewModel.swift */; };
		54CA341B2A0B3F41003E794C /* AppDelegate.swift in Sources */ = {isa = PBXBuildFile; fileRef = 54CA341A2A0B3F41003E794C /* AppDelegate.swift */; };
		54CA341D2A0B3F41003E794C /* SceneDelegate.swift in Sources */ = {isa = PBXBuildFile; fileRef = 54CA341C2A0B3F41003E794C /* SceneDelegate.swift */; };
		54CA341F2A0B3F41003E794C /* TODOsViewController.swift in Sources */ = {isa = PBXBuildFile; fileRef = 54CA341E2A0B3F41003E794C /* TODOsViewController.swift */; };
		54CA34222A0B3F41003E794C /* Main.storyboard in Resources */ = {isa = PBXBuildFile; fileRef = 54CA34202A0B3F41003E794C /* Main.storyboard */; };
		54CA34242A0B3F42003E794C /* Assets.xcassets in Resources */ = {isa = PBXBuildFile; fileRef = 54CA34232A0B3F42003E794C /* Assets.xcassets */; };
		54CA34272A0B3F42003E794C /* LaunchScreen.storyboard in Resources */ = {isa = PBXBuildFile; fileRef = 54CA34252A0B3F42003E794C /* LaunchScreen.storyboard */; };
		54DC21ED2A100A69008F5C49 /* BasicAlert.swift in Sources */ = {isa = PBXBuildFile; fileRef = 54DC21EC2A100A69008F5C49 /* BasicAlert.swift */; };
/* End PBXBuildFile section */

/* Begin PBXFileReference section */
		5447CCB02A0B4D2100C50EF5 /* MainListViewController.swift */ = {isa = PBXFileReference; lastKnownFileType = sourcecode.swift; path = MainListViewController.swift; sourceTree = "<group>"; };
		5447CCBB2A0C8F0300C50EF5 /* Group.swift */ = {isa = PBXFileReference; lastKnownFileType = sourcecode.swift; path = Group.swift; sourceTree = "<group>"; };
		5447CCBE2A0C8F3D00C50EF5 /* MainListViewModel.swift */ = {isa = PBXFileReference; lastKnownFileType = sourcecode.swift; path = MainListViewModel.swift; sourceTree = "<group>"; };
		54CA34172A0B3F41003E794C /* MisQueHaceres.app */ = {isa = PBXFileReference; explicitFileType = wrapper.application; includeInIndex = 0; path = MisQueHaceres.app; sourceTree = BUILT_PRODUCTS_DIR; };
		54CA341A2A0B3F41003E794C /* AppDelegate.swift */ = {isa = PBXFileReference; lastKnownFileType = sourcecode.swift; path = AppDelegate.swift; sourceTree = "<group>"; };
		54CA341C2A0B3F41003E794C /* SceneDelegate.swift */ = {isa = PBXFileReference; lastKnownFileType = sourcecode.swift; path = SceneDelegate.swift; sourceTree = "<group>"; };
		54CA341E2A0B3F41003E794C /* TODOsViewController.swift */ = {isa = PBXFileReference; lastKnownFileType = sourcecode.swift; path = TODOsViewController.swift; sourceTree = "<group>"; };
		54CA34212A0B3F41003E794C /* Base */ = {isa = PBXFileReference; lastKnownFileType = file.storyboard; name = Base; path = Base.lproj/Main.storyboard; sourceTree = "<group>"; };
		54CA34232A0B3F42003E794C /* Assets.xcassets */ = {isa = PBXFileReference; lastKnownFileType = folder.assetcatalog; path = Assets.xcassets; sourceTree = "<group>"; };
		54CA34262A0B3F42003E794C /* Base */ = {isa = PBXFileReference; lastKnownFileType = file.storyboard; name = Base; path = Base.lproj/LaunchScreen.storyboard; sourceTree = "<group>"; };
		54CA34282A0B3F42003E794C /* Info.plist */ = {isa = PBXFileReference; lastKnownFileType = text.plist.xml; path = Info.plist; sourceTree = "<group>"; };
		54DC21EC2A100A69008F5C49 /* BasicAlert.swift */ = {isa = PBXFileReference; lastKnownFileType = sourcecode.swift; path = BasicAlert.swift; sourceTree = "<group>"; };
/* End PBXFileReference section */

/* Begin PBXFrameworksBuildPhase section */
		54CA34142A0B3F41003E794C /* Frameworks */ = {
			isa = PBXFrameworksBuildPhase;
			buildActionMask = 2147483647;
			files = (
				5447CCB82A0C8C1000C50EF5 /* RealmSwift in Frameworks */,
				5447CCB62A0C8C1000C50EF5 /* Realm in Frameworks */,
			);
			runOnlyForDeploymentPostprocessing = 0;
		};
/* End PBXFrameworksBuildPhase section */

/* Begin PBXGroup section */
		5447CCB22A0B4FF000C50EF5 /* Views */ = {
			isa = PBXGroup;
			children = (
				54CA34202A0B3F41003E794C /* Main.storyboard */,
			);
			path = Views;
			sourceTree = "<group>";
		};
		5447CCB32A0B4FFD00C50EF5 /* Controllers */ = {
			isa = PBXGroup;
			children = (
				54DC21EB2A100A5B008F5C49 /* BasicAlert */,
				54CA341E2A0B3F41003E794C /* TODOsViewController.swift */,
				5447CCB02A0B4D2100C50EF5 /* MainListViewController.swift */,
			);
			path = Controllers;
			sourceTree = "<group>";
		};
		5447CCB92A0C8EDF00C50EF5 /* Models */ = {
			isa = PBXGroup;
			children = (
				5447CCBB2A0C8F0300C50EF5 /* Group.swift */,
			);
			path = Models;
			sourceTree = "<group>";
		};
		5447CCBD2A0C8F1500C50EF5 /* ViewModel */ = {
			isa = PBXGroup;
			children = (
				5447CCBE2A0C8F3D00C50EF5 /* MainListViewModel.swift */,
			);
			path = ViewModel;
			sourceTree = "<group>";
		};
		54CA340E2A0B3F41003E794C = {
			isa = PBXGroup;
			children = (
				54CA34192A0B3F41003E794C /* MisQueHaceres */,
				54CA34182A0B3F41003E794C /* Products */,
			);
			sourceTree = "<group>";
		};
		54CA34182A0B3F41003E794C /* Products */ = {
			isa = PBXGroup;
			children = (
				54CA34172A0B3F41003E794C /* MisQueHaceres.app */,
			);
			name = Products;
			sourceTree = "<group>";
		};
		54CA34192A0B3F41003E794C /* MisQueHaceres */ = {
			isa = PBXGroup;
			children = (
				5447CCBD2A0C8F1500C50EF5 /* ViewModel */,
				5447CCB92A0C8EDF00C50EF5 /* Models */,
				5447CCB32A0B4FFD00C50EF5 /* Controllers */,
				54CA341A2A0B3F41003E794C /* AppDelegate.swift */,
				54CA341C2A0B3F41003E794C /* SceneDelegate.swift */,
				5447CCB22A0B4FF000C50EF5 /* Views */,
				54CA34232A0B3F42003E794C /* Assets.xcassets */,
				54CA34252A0B3F42003E794C /* LaunchScreen.storyboard */,
				54CA34282A0B3F42003E794C /* Info.plist */,
			);
			path = MisQueHaceres;
			sourceTree = "<group>";
		};
		54DC21EB2A100A5B008F5C49 /* BasicAlert */ = {
			isa = PBXGroup;
			children = (
				54DC21EC2A100A69008F5C49 /* BasicAlert.swift */,
			);
			path = BasicAlert;
			sourceTree = "<group>";
		};
/* End PBXGroup section */

/* Begin PBXNativeTarget section */
		54CA34162A0B3F41003E794C /* MisQueHaceres */ = {
			isa = PBXNativeTarget;
			buildConfigurationList = 54CA342B2A0B3F42003E794C /* Build configuration list for PBXNativeTarget "MisQueHaceres" */;
			buildPhases = (
				54CA34132A0B3F41003E794C /* Sources */,
				54CA34142A0B3F41003E794C /* Frameworks */,
				54CA34152A0B3F41003E794C /* Resources */,
			);
			buildRules = (
			);
			dependencies = (
			);
			name = MisQueHaceres;
			packageProductDependencies = (
				5447CCB52A0C8C1000C50EF5 /* Realm */,
				5447CCB72A0C8C1000C50EF5 /* RealmSwift */,
			);
			productName = MisQueHaceres;
			productReference = 54CA34172A0B3F41003E794C /* MisQueHaceres.app */;
			productType = "com.apple.product-type.application";
		};
/* End PBXNativeTarget section */

/* Begin PBXProject section */
		54CA340F2A0B3F41003E794C /* Project object */ = {
			isa = PBXProject;
			attributes = {
				BuildIndependentTargetsInParallel = 1;
				LastSwiftUpdateCheck = 1430;
				LastUpgradeCheck = 1430;
				TargetAttributes = {
					54CA34162A0B3F41003E794C = {
						CreatedOnToolsVersion = 14.3;
					};
				};
			};
			buildConfigurationList = 54CA34122A0B3F41003E794C /* Build configuration list for PBXProject "MisQueHaceres" */;
			compatibilityVersion = "Xcode 14.0";
			developmentRegion = en;
			hasScannedForEncodings = 0;
			knownRegions = (
				en,
				Base,
			);
			mainGroup = 54CA340E2A0B3F41003E794C;
			packageReferences = (
				5447CCB42A0C8C1000C50EF5 /* XCRemoteSwiftPackageReference "realm-swift" */,
			);
			productRefGroup = 54CA34182A0B3F41003E794C /* Products */;
			projectDirPath = "";
			projectRoot = "";
			targets = (
				54CA34162A0B3F41003E794C /* MisQueHaceres */,
			);
		};
/* End PBXProject section */

/* Begin PBXResourcesBuildPhase section */
		54CA34152A0B3F41003E794C /* Resources */ = {
			isa = PBXResourcesBuildPhase;
			buildActionMask = 2147483647;
			files = (
				54CA34272A0B3F42003E794C /* LaunchScreen.storyboard in Resources */,
				54CA34242A0B3F42003E794C /* Assets.xcassets in Resources */,
				54CA34222A0B3F41003E794C /* Main.storyboard in Resources */,
			);
			runOnlyForDeploymentPostprocessing = 0;
		};
/* End PBXResourcesBuildPhase section */

/* Begin PBXSourcesBuildPhase section */
		54CA34132A0B3F41003E794C /* Sources */ = {
			isa = PBXSourcesBuildPhase;
			buildActionMask = 2147483647;
			files = (
				54CA341F2A0B3F41003E794C /* TODOsViewController.swift in Sources */,
				5447CCBF2A0C8F3D00C50EF5 /* MainListViewModel.swift in Sources */,
				54CA341B2A0B3F41003E794C /* AppDelegate.swift in Sources */,
				54CA341D2A0B3F41003E794C /* SceneDelegate.swift in Sources */,
				54DC21ED2A100A69008F5C49 /* BasicAlert.swift in Sources */,
				5447CCBC2A0C8F0300C50EF5 /* Group.swift in Sources */,
				5447CCB12A0B4D2100C50EF5 /* MainListViewController.swift in Sources */,
			);
			runOnlyForDeploymentPostprocessing = 0;
		};
/* End PBXSourcesBuildPhase section */

/* Begin PBXVariantGroup section */
		54CA34202A0B3F41003E794C /* Main.storyboard */ = {
			isa = PBXVariantGroup;
			children = (
				54CA34212A0B3F41003E794C /* Base */,
			);
			name = Main.storyboard;
			sourceTree = "<group>";
		};
		54CA34252A0B3F42003E794C /* LaunchScreen.storyboard */ = {
			isa = PBXVariantGroup;
			children = (
				54CA34262A0B3F42003E794C /* Base */,
			);
			name = LaunchScreen.storyboard;
			sourceTree = "<group>";
		};
/* End PBXVariantGroup section */

/* Begin XCBuildConfiguration section */
		54CA34292A0B3F42003E794C /* Debug */ = {
			isa = XCBuildConfiguration;
			buildSettings = {
				ALWAYS_SEARCH_USER_PATHS = NO;
				CLANG_ANALYZER_NONNULL = YES;
				CLANG_ANALYZER_NUMBER_OBJECT_CONVERSION = YES_AGGRESSIVE;
				CLANG_CXX_LANGUAGE_STANDARD = "gnu++20";
				CLANG_ENABLE_MODULES = YES;
				CLANG_ENABLE_OBJC_ARC = YES;
				CLANG_ENABLE_OBJC_WEAK = YES;
				CLANG_WARN_BLOCK_CAPTURE_AUTORELEASING = YES;
				CLANG_WARN_BOOL_CONVERSION = YES;
				CLANG_WARN_COMMA = YES;
				CLANG_WARN_CONSTANT_CONVERSION = YES;
				CLANG_WARN_DEPRECATED_OBJC_IMPLEMENTATIONS = YES;
				CLANG_WARN_DIRECT_OBJC_ISA_USAGE = YES_ERROR;
				CLANG_WARN_DOCUMENTATION_COMMENTS = YES;
				CLANG_WARN_EMPTY_BODY = YES;
				CLANG_WARN_ENUM_CONVERSION = YES;
				CLANG_WARN_INFINITE_RECURSION = YES;
				CLANG_WARN_INT_CONVERSION = YES;
				CLANG_WARN_NON_LITERAL_NULL_CONVERSION = YES;
				CLANG_WARN_OBJC_IMPLICIT_RETAIN_SELF = YES;
				CLANG_WARN_OBJC_LITERAL_CONVERSION = YES;
				CLANG_WARN_OBJC_ROOT_CLASS = YES_ERROR;
				CLANG_WARN_QUOTED_INCLUDE_IN_FRAMEWORK_HEADER = YES;
				CLANG_WARN_RANGE_LOOP_ANALYSIS = YES;
				CLANG_WARN_STRICT_PROTOTYPES = YES;
				CLANG_WARN_SUSPICIOUS_MOVE = YES;
				CLANG_WARN_UNGUARDED_AVAILABILITY = YES_AGGRESSIVE;
				CLANG_WARN_UNREACHABLE_CODE = YES;
				CLANG_WARN__DUPLICATE_METHOD_MATCH = YES;
				COPY_PHASE_STRIP = NO;
				DEBUG_INFORMATION_FORMAT = dwarf;
				ENABLE_STRICT_OBJC_MSGSEND = YES;
				ENABLE_TESTABILITY = YES;
				GCC_C_LANGUAGE_STANDARD = gnu11;
				GCC_DYNAMIC_NO_PIC = NO;
				GCC_NO_COMMON_BLOCKS = YES;
				GCC_OPTIMIZATION_LEVEL = 0;
				GCC_PREPROCESSOR_DEFINITIONS = (
					"DEBUG=1",
					"$(inherited)",
				);
				GCC_WARN_64_TO_32_BIT_CONVERSION = YES;
				GCC_WARN_ABOUT_RETURN_TYPE = YES_ERROR;
				GCC_WARN_UNDECLARED_SELECTOR = YES;
				GCC_WARN_UNINITIALIZED_AUTOS = YES_AGGRESSIVE;
				GCC_WARN_UNUSED_FUNCTION = YES;
				GCC_WARN_UNUSED_VARIABLE = YES;
				IPHONEOS_DEPLOYMENT_TARGET = 16.4;
				MTL_ENABLE_DEBUG_INFO = INCLUDE_SOURCE;
				MTL_FAST_MATH = YES;
				ONLY_ACTIVE_ARCH = YES;
				SDKROOT = iphoneos;
				SWIFT_ACTIVE_COMPILATION_CONDITIONS = DEBUG;
				SWIFT_OPTIMIZATION_LEVEL = "-Onone";
			};
			name = Debug;
		};
		54CA342A2A0B3F42003E794C /* Release */ = {
			isa = XCBuildConfiguration;
			buildSettings = {
				ALWAYS_SEARCH_USER_PATHS = NO;
				CLANG_ANALYZER_NONNULL = YES;
				CLANG_ANALYZER_NUMBER_OBJECT_CONVERSION = YES_AGGRESSIVE;
				CLANG_CXX_LANGUAGE_STANDARD = "gnu++20";
				CLANG_ENABLE_MODULES = YES;
				CLANG_ENABLE_OBJC_ARC = YES;
				CLANG_ENABLE_OBJC_WEAK = YES;
				CLANG_WARN_BLOCK_CAPTURE_AUTORELEASING = YES;
				CLANG_WARN_BOOL_CONVERSION = YES;
				CLANG_WARN_COMMA = YES;
				CLANG_WARN_CONSTANT_CONVERSION = YES;
				CLANG_WARN_DEPRECATED_OBJC_IMPLEMENTATIONS = YES;
				CLANG_WARN_DIRECT_OBJC_ISA_USAGE = YES_ERROR;
				CLANG_WARN_DOCUMENTATION_COMMENTS = YES;
				CLANG_WARN_EMPTY_BODY = YES;
				CLANG_WARN_ENUM_CONVERSION = YES;
				CLANG_WARN_INFINITE_RECURSION = YES;
				CLANG_WARN_INT_CONVERSION = YES;
				CLANG_WARN_NON_LITERAL_NULL_CONVERSION = YES;
				CLANG_WARN_OBJC_IMPLICIT_RETAIN_SELF = YES;
				CLANG_WARN_OBJC_LITERAL_CONVERSION = YES;
				CLANG_WARN_OBJC_ROOT_CLASS = YES_ERROR;
				CLANG_WARN_QUOTED_INCLUDE_IN_FRAMEWORK_HEADER = YES;
				CLANG_WARN_RANGE_LOOP_ANALYSIS = YES;
				CLANG_WARN_STRICT_PROTOTYPES = YES;
				CLANG_WARN_SUSPICIOUS_MOVE = YES;
				CLANG_WARN_UNGUARDED_AVAILABILITY = YES_AGGRESSIVE;
				CLANG_WARN_UNREACHABLE_CODE = YES;
				CLANG_WARN__DUPLICATE_METHOD_MATCH = YES;
				COPY_PHASE_STRIP = NO;
				DEBUG_INFORMATION_FORMAT = "dwarf-with-dsym";
				ENABLE_NS_ASSERTIONS = NO;
				ENABLE_STRICT_OBJC_MSGSEND = YES;
				GCC_C_LANGUAGE_STANDARD = gnu11;
				GCC_NO_COMMON_BLOCKS = YES;
				GCC_WARN_64_TO_32_BIT_CONVERSION = YES;
				GCC_WARN_ABOUT_RETURN_TYPE = YES_ERROR;
				GCC_WARN_UNDECLARED_SELECTOR = YES;
				GCC_WARN_UNINITIALIZED_AUTOS = YES_AGGRESSIVE;
				GCC_WARN_UNUSED_FUNCTION = YES;
				GCC_WARN_UNUSED_VARIABLE = YES;
				IPHONEOS_DEPLOYMENT_TARGET = 16.4;
				MTL_ENABLE_DEBUG_INFO = NO;
				MTL_FAST_MATH = YES;
				SDKROOT = iphoneos;
				SWIFT_COMPILATION_MODE = wholemodule;
				SWIFT_OPTIMIZATION_LEVEL = "-O";
				VALIDATE_PRODUCT = YES;
			};
			name = Release;
		};
		54CA342C2A0B3F42003E794C /* Debug */ = {
			isa = XCBuildConfiguration;
			buildSettings = {
				ASSETCATALOG_COMPILER_APPICON_NAME = AppIcon;
				ASSETCATALOG_COMPILER_GLOBAL_ACCENT_COLOR_NAME = AccentColor;
				CODE_SIGN_STYLE = Automatic;
				CURRENT_PROJECT_VERSION = 1;
				DEVELOPMENT_TEAM = P2D4GQZ79S;
				GENERATE_INFOPLIST_FILE = YES;
				INFOPLIST_FILE = MisQueHaceres/Info.plist;
				INFOPLIST_KEY_UIApplicationSupportsIndirectInputEvents = YES;
				INFOPLIST_KEY_UILaunchStoryboardName = LaunchScreen;
				INFOPLIST_KEY_UIMainStoryboardFile = Main;
				INFOPLIST_KEY_UISupportedInterfaceOrientations_iPad = "UIInterfaceOrientationPortrait UIInterfaceOrientationPortraitUpsideDown UIInterfaceOrientationLandscapeLeft UIInterfaceOrientationLandscapeRight";
				INFOPLIST_KEY_UISupportedInterfaceOrientations_iPhone = "UIInterfaceOrientationPortrait UIInterfaceOrientationLandscapeLeft UIInterfaceOrientationLandscapeRight";
				LD_RUNPATH_SEARCH_PATHS = (
					"$(inherited)",
					"@executable_path/Frameworks",
				);
				MARKETING_VERSION = 1.0;
				PRODUCT_BUNDLE_IDENTIFIER = crisOne.MisQueHaceres;
				PRODUCT_NAME = "$(TARGET_NAME)";
				SWIFT_EMIT_LOC_STRINGS = YES;
				SWIFT_VERSION = 5.0;
				TARGETED_DEVICE_FAMILY = "1,2";
			};
			name = Debug;
		};
		54CA342D2A0B3F42003E794C /* Release */ = {
			isa = XCBuildConfiguration;
			buildSettings = {
				ASSETCATALOG_COMPILER_APPICON_NAME = AppIcon;
				ASSETCATALOG_COMPILER_GLOBAL_ACCENT_COLOR_NAME = AccentColor;
				CODE_SIGN_STYLE = Automatic;
				CURRENT_PROJECT_VERSION = 1;
				DEVELOPMENT_TEAM = P2D4GQZ79S;
				GENERATE_INFOPLIST_FILE = YES;
				INFOPLIST_FILE = MisQueHaceres/Info.plist;
				INFOPLIST_KEY_UIApplicationSupportsIndirectInputEvents = YES;
				INFOPLIST_KEY_UILaunchStoryboardName = LaunchScreen;
				INFOPLIST_KEY_UIMainStoryboardFile = Main;
				INFOPLIST_KEY_UISupportedInterfaceOrientations_iPad = "UIInterfaceOrientationPortrait UIInterfaceOrientationPortraitUpsideDown UIInterfaceOrientationLandscapeLeft UIInterfaceOrientationLandscapeRight";
				INFOPLIST_KEY_UISupportedInterfaceOrientations_iPhone = "UIInterfaceOrientationPortrait UIInterfaceOrientationLandscapeLeft UIInterfaceOrientationLandscapeRight";
				LD_RUNPATH_SEARCH_PATHS = (
					"$(inherited)",
					"@executable_path/Frameworks",
				);
				MARKETING_VERSION = 1.0;
				PRODUCT_BUNDLE_IDENTIFIER = crisOne.MisQueHaceres;
				PRODUCT_NAME = "$(TARGET_NAME)";
				SWIFT_EMIT_LOC_STRINGS = YES;
				SWIFT_VERSION = 5.0;
				TARGETED_DEVICE_FAMILY = "1,2";
			};
			name = Release;
		};
/* End XCBuildConfiguration section */

/* Begin XCConfigurationList section */
		54CA34122A0B3F41003E794C /* Build configuration list for PBXProject "MisQueHaceres" */ = {
			isa = XCConfigurationList;
			buildConfigurations = (
				54CA34292A0B3F42003E794C /* Debug */,
				54CA342A2A0B3F42003E794C /* Release */,
			);
			defaultConfigurationIsVisible = 0;
			defaultConfigurationName = Release;
		};
		54CA342B2A0B3F42003E794C /* Build configuration list for PBXNativeTarget "MisQueHaceres" */ = {
			isa = XCConfigurationList;
			buildConfigurations = (
				54CA342C2A0B3F42003E794C /* Debug */,
				54CA342D2A0B3F42003E794C /* Release */,
			);
			defaultConfigurationIsVisible = 0;
			defaultConfigurationName = Release;
		};
/* End XCConfigurationList section */

/* Begin XCRemoteSwiftPackageReference section */
		5447CCB42A0C8C1000C50EF5 /* XCRemoteSwiftPackageReference "realm-swift" */ = {
			isa = XCRemoteSwiftPackageReference;
			repositoryURL = "https://github.com/realm/realm-swift.git";
			requirement = {
				branch = master;
				kind = branch;
			};
		};
/* End XCRemoteSwiftPackageReference section */

/* Begin XCSwiftPackageProductDependency section */
		5447CCB52A0C8C1000C50EF5 /* Realm */ = {
			isa = XCSwiftPackageProductDependency;
			package = 5447CCB42A0C8C1000C50EF5 /* XCRemoteSwiftPackageReference "realm-swift" */;
			productName = Realm;
		};
		5447CCB72A0C8C1000C50EF5 /* RealmSwift */ = {
			isa = XCSwiftPackageProductDependency;
			package = 5447CCB42A0C8C1000C50EF5 /* XCRemoteSwiftPackageReference "realm-swift" */;
			productName = RealmSwift;
		};
/* End XCSwiftPackageProductDependency section */
	};
	rootObject = 54CA340F2A0B3F41003E794C /* Project object */;
}
